
Microsoft Visual Studio Solution File, Format Version 12.00
# Visual Studio Version 17
VisualStudioVersion = 17.5.33516.290
MinimumVisualStudioVersion = 10.0.40219.1
Project("{9A19103F-16F7-4668-BE54-9A1E7A4F7556}") = "Weather.Server", "Weather\Server\Weather.Server.csproj", "{20FC2170-DE79-4BD7-89DB-808647DD0A7D}"
EndProject
Project("{9A19103F-16F7-4668-BE54-9A1E7A4F7556}") = "Weather.Client", "Weather\Client\Weather.Client.csproj", "{D2695B50-7683-4600-B328-87DEA23B15FB}"
EndProject
Project("{9A19103F-16F7-4668-BE54-9A1E7A4F7556}") = "Weather.Shared", "Weather\Shared\Weather.Shared.csproj", "{2F206348-1684-4A96-8466-8E016353FE30}"
EndProject
Global
	GlobalSection(SolutionConfigurationPlatforms) = preSolution
		Debug|Any CPU = Debug|Any CPU
		Release|Any CPU = Release|Any CPU
	EndGlobalSection
	GlobalSection(ProjectConfigurationPlatforms) = postSolution
		{20FC2170-DE79-4BD7-89DB-808647DD0A7D}.Debug|Any CPU.ActiveCfg = Debug|Any CPU
		{20FC2170-DE79-4BD7-89DB-808647DD0A7D}.Debug|Any CPU.Build.0 = Debug|Any CPU
		{20FC2170-DE79-4BD7-89DB-808647DD0A7D}.Release|Any CPU.ActiveCfg = Release|Any CPU
		{20FC2170-DE79-4BD7-89DB-808647DD0A7D}.Release|Any CPU.Build.0 = Release|Any CPU
		{D2695B50-7683-4600-B328-87DEA23B15FB}.Debug|Any CPU.ActiveCfg = Debug|Any CPU
		{D2695B50-7683-4600-B328-87DEA23B15FB}.Debug|Any CPU.Build.0 = Debug|Any CPU
		{D2695B50-7683-4600-B328-87DEA23B15FB}.Release|Any CPU.ActiveCfg = Release|Any CPU
		{D2695B50-7683-4600-B328-87DEA23B15FB}.Release|Any CPU.Build.0 = Release|Any CPU
		{2F206348-1684-4A96-8466-8E016353FE30}.Debug|Any CPU.ActiveCfg = Debug|Any CPU
		{2F206348-1684-4A96-8466-8E016353FE30}.Debug|Any CPU.Build.0 = Debug|Any CPU
		{2F206348-1684-4A96-8466-8E016353FE30}.Release|Any CPU.ActiveCfg = Release|Any CPU
		{2F206348-1684-4A96-8466-8E016353FE30}.Release|Any CPU.Build.0 = Release|Any CPU
	EndGlobalSection
	GlobalSection(SolutionProperties) = preSolution
		HideSolutionNode = FALSE
	EndGlobalSection
	GlobalSection(ExtensibilityGlobals) = postSolution
		SolutionGuid = {BCB6F645-2918-4CD6-A422-AA19B54B8FF3}
	EndGlobalSection
EndGlobal
